
Microsoft Visual Studio Solution File, Format Version 12.00
# Visual Studio 15
VisualStudioVersion = 15.0.28010.2041
MinimumVisualStudioVersion = 10.0.40219.1
Project("{FAE04EC0-301F-11D3-BF4B-00C04F79EFBC}") = "HedgeModManager", "HedgeModManager\HedgeModManager.csproj", "{C3336AA9-8CB9-4756-B27F-4C00D827AB5F}"
EndProject
Global
	GlobalSection(SolutionConfigurationPlatforms) = preSolution
		Debug|Any CPU = Debug|Any CPU
		Release|Any CPU = Release|Any CPU
	EndGlobalSection
	GlobalSection(ProjectConfigurationPlatforms) = postSolution
		{C3336AA9-8CB9-4756-B27F-4C00D827AB5F}.Debug|Any CPU.ActiveCfg = Debug|Any CPU
		{C3336AA9-8CB9-4756-B27F-4C00D827AB5F}.Debug|Any CPU.Build.0 = Debug|Any CPU
		{C3336AA9-8CB9-4756-B27F-4C00D827AB5F}.Release|Any CPU.ActiveCfg = Release|Any CPU
		{C3336AA9-8CB9-4756-B27F-4C00D827AB5F}.Release|Any CPU.Build.0 = Release|Any CPU
	EndGlobalSection
	GlobalSection(SolutionProperties) = preSolution
		HideSolutionNode = FALSE
	EndGlobalSection
	GlobalSection(ExtensibilityGlobals) = postSolution
		SolutionGuid = {870A5800-4496-4A82-9494-C5083296D996}
	EndGlobalSection
EndGlobal
